
Microsoft Visual Studio Solution File, Format Version 12.00
# Visual Studio Version 17
VisualStudioVersion = 17.5.33530.505
MinimumVisualStudioVersion = 10.0.40219.1
Project("{9A19103F-16F7-4668-BE54-9A1E7A4F7556}") = "App", "App\App.csproj", "{BE103ACC-E80D-407A-9826-CC79DC142927}"
EndProject
Project("{9A19103F-16F7-4668-BE54-9A1E7A4F7556}") = "GodGameLibrary", "GodGameLibrary\GodGameLibrary.csproj", "{5FD2C627-13B6-4D75-9C29-AE0242212309}"
EndProject
Project("{9A19103F-16F7-4668-BE54-9A1E7A4F7556}") = "GodGameTests", "GodGameTests\GodGameTests.csproj", "{1B238435-659A-4EF9-B35F-1E6B9AE247A3}"
EndProject
Project("{2150E333-8FDC-42A3-9474-1A3956D46DE8}") = "Элементы решения", "Элементы решения", "{8A8F19EA-3EA3-4279-AF8E-F051583E9CF3}"
	ProjectSection(SolutionItems) = preProject
		.gitattributes = .gitattributes
		.gitignore = .gitignore
		README.md = README.md
	EndProjectSection
EndProject
Global
	GlobalSection(SolutionConfigurationPlatforms) = preSolution
		Debug|Any CPU = Debug|Any CPU
		Release|Any CPU = Release|Any CPU
	EndGlobalSection
	GlobalSection(ProjectConfigurationPlatforms) = postSolution
		{BE103ACC-E80D-407A-9826-CC79DC142927}.Debug|Any CPU.ActiveCfg = Debug|Any CPU
		{BE103ACC-E80D-407A-9826-CC79DC142927}.Debug|Any CPU.Build.0 = Debug|Any CPU
		{BE103ACC-E80D-407A-9826-CC79DC142927}.Release|Any CPU.ActiveCfg = Release|Any CPU
		{BE103ACC-E80D-407A-9826-CC79DC142927}.Release|Any CPU.Build.0 = Release|Any CPU
		{5FD2C627-13B6-4D75-9C29-AE0242212309}.Debug|Any CPU.ActiveCfg = Debug|Any CPU
		{5FD2C627-13B6-4D75-9C29-AE0242212309}.Debug|Any CPU.Build.0 = Debug|Any CPU
		{5FD2C627-13B6-4D75-9C29-AE0242212309}.Release|Any CPU.ActiveCfg = Release|Any CPU
		{5FD2C627-13B6-4D75-9C29-AE0242212309}.Release|Any CPU.Build.0 = Release|Any CPU
		{1B238435-659A-4EF9-B35F-1E6B9AE247A3}.Debug|Any CPU.ActiveCfg = Debug|Any CPU
		{1B238435-659A-4EF9-B35F-1E6B9AE247A3}.Debug|Any CPU.Build.0 = Debug|Any CPU
		{1B238435-659A-4EF9-B35F-1E6B9AE247A3}.Release|Any CPU.ActiveCfg = Release|Any CPU
		{1B238435-659A-4EF9-B35F-1E6B9AE247A3}.Release|Any CPU.Build.0 = Release|Any CPU
	EndGlobalSection
	GlobalSection(SolutionProperties) = preSolution
		HideSolutionNode = FALSE
	EndGlobalSection
	GlobalSection(ExtensibilityGlobals) = postSolution
		SolutionGuid = {685E736F-A590-4E86-B1CF-09D94C585017}
	EndGlobalSection
EndGlobal
